
Microsoft Visual Studio Solution File, Format Version 12.00
# Visual Studio Version 17
VisualStudioVersion = 17.1.32421.90
MinimumVisualStudioVersion = 10.0.40219.1
Project("{9A19103F-16F7-4668-BE54-9A1E7A4F7556}") = "ShopAppMerSoftExam.UI", "ShopAppMerSoftExam.UI\ShopAppMerSoftExam.UI.csproj", "{89E24D66-2B25-4AFF-BA0D-1DB91E94AA3A}"
EndProject
Project("{9A19103F-16F7-4668-BE54-9A1E7A4F7556}") = "ShopAppMerSoftExam.Core", "ShopAppMerSoftExam.Core\ShopAppMerSoftExam.Core.csproj", "{18D789A2-DBE7-409F-9F4E-8C16CF97DAA0}"
EndProject
Global
	GlobalSection(SolutionConfigurationPlatforms) = preSolution
		Debug|Any CPU = Debug|Any CPU
		Release|Any CPU = Release|Any CPU
	EndGlobalSection
	GlobalSection(ProjectConfigurationPlatforms) = postSolution
		{89E24D66-2B25-4AFF-BA0D-1DB91E94AA3A}.Debug|Any CPU.ActiveCfg = Debug|Any CPU
		{89E24D66-2B25-4AFF-BA0D-1DB91E94AA3A}.Debug|Any CPU.Build.0 = Debug|Any CPU
		{89E24D66-2B25-4AFF-BA0D-1DB91E94AA3A}.Release|Any CPU.ActiveCfg = Release|Any CPU
		{89E24D66-2B25-4AFF-BA0D-1DB91E94AA3A}.Release|Any CPU.Build.0 = Release|Any CPU
		{18D789A2-DBE7-409F-9F4E-8C16CF97DAA0}.Debug|Any CPU.ActiveCfg = Debug|Any CPU
		{18D789A2-DBE7-409F-9F4E-8C16CF97DAA0}.Debug|Any CPU.Build.0 = Debug|Any CPU
		{18D789A2-DBE7-409F-9F4E-8C16CF97DAA0}.Release|Any CPU.ActiveCfg = Release|Any CPU
		{18D789A2-DBE7-409F-9F4E-8C16CF97DAA0}.Release|Any CPU.Build.0 = Release|Any CPU
	EndGlobalSection
	GlobalSection(SolutionProperties) = preSolution
		HideSolutionNode = FALSE
	EndGlobalSection
	GlobalSection(ExtensibilityGlobals) = postSolution
		SolutionGuid = {6F6CC470-4C62-45E0-8A1D-74213B684160}
	EndGlobalSection
EndGlobal
